
Microsoft Visual Studio Solution File, Format Version 12.00
# Visual Studio Version 17
VisualStudioVersion = 17.14.36221.1 d17.14
MinimumVisualStudioVersion = 10.0.40219.1
Project("{FAE04EC0-301F-11D3-BF4B-00C04F79EFBC}") = "TA_W32timeManager", "TA_W32timeManager\TA_W32timeManager.csproj", "{73181D48-7640-404F-9B01-57FC9DF3721E}"
EndProject
Global
	GlobalSection(SolutionConfigurationPlatforms) = preSolution
		Debug|Any CPU = Debug|Any CPU
		Release|Any CPU = Release|Any CPU
	EndGlobalSection
	GlobalSection(ProjectConfigurationPlatforms) = postSolution
		{73181D48-7640-404F-9B01-57FC9DF3721E}.Debug|Any CPU.ActiveCfg = Debug|Any CPU
		{73181D48-7640-404F-9B01-57FC9DF3721E}.Debug|Any CPU.Build.0 = Debug|Any CPU
		{73181D48-7640-404F-9B01-57FC9DF3721E}.Release|Any CPU.ActiveCfg = Release|Any CPU
		{73181D48-7640-404F-9B01-57FC9DF3721E}.Release|Any CPU.Build.0 = Release|Any CPU
	EndGlobalSection
	GlobalSection(SolutionProperties) = preSolution
		HideSolutionNode = FALSE
	EndGlobalSection
	GlobalSection(ExtensibilityGlobals) = postSolution
		SolutionGuid = {C813E3B8-91BF-43AB-9656-84D09CC55DF9}
	EndGlobalSection
EndGlobal
